{
    "name": "angular-electron",
    "version": "2.2.0",
    "lockfileVersion": 1,
    "requires": true,
    "dependencies": {
        "@angular/animations": {
            "version": "5.2.2",
            "resolved": "https://registry.npmjs.org/@angular/animations/-/animations-5.2.2.tgz",
            "integrity": "sha512-VlnsvvTub7MJqKcyllNHyp6LywUOR8z0uQgTxSXDYcQR39onTRTh9/I7qjRGOZTjNucUojRadyYRMInoPYPgZw==",
            "requires": {
                "tslib": "1.9.0"
            }
        },
        "@angular/cdk": {
            "version": "5.1.0",
            "resolved": "https://registry.npmjs.org/@angular/cdk/-/cdk-5.1.0.tgz",
            "integrity": "sha512-xDCVx65SvxoGDMpQhaQvfP7bZhQDuX65Uk+JntPlLTiwFr7v82a+71RnzOCzNKyaNXGoIgUGcrLZpozlyqNgFg==",
            "requires": {
                "tslib": "1.9.0"
            }
        },
        "@angular/common": {
            "version": "5.0.3",
            "resolved": "https://registry.npmjs.org/@angular/common/-/common-5.0.3.tgz",
            "integrity": "sha1-mwuHTgyMsIjXx94q9ywsPz69ALs=",
            "requires": {
                "tslib": "1.9.0"
            }
        },
        "@angular/compiler": {
            "version": "5.0.3",
            "resolved": "https://registry.npmjs.org/@angular/compiler/-/compiler-5.0.3.tgz",
            "integrity": "sha1-RYF8mjKxsQPAMHsPVWYPUw9KBqo=",
            "requires": {
                "tslib": "1.9.0"
            }
        },
        "@angular/core": {
            "version": "5.0.3",
            "resolved": "https://registry.npmjs.org/@angular/core/-/core-5.0.3.tgz",
            "integrity": "sha1-JWZAD2cTvxw59+ALwDpjKAqH5ms=",
            "requires": {
                "tslib": "1.9.0"
            }
        },
        "@angular/forms": {
            "version": "5.0.3",
            "resolved": "https://registry.npmjs.org/@angular/forms/-/forms-5.0.3.tgz",
            "integrity": "sha1-IH+Swr2JZg3aWFjvWNHqwfLK8ac=",
            "requires": {
                "tslib": "1.9.0"
            }
        },
        "@angular/http": {
            "version": "5.0.3",
            "resolved": "https://registry.npmjs.org/@angular/http/-/http-5.0.3.tgz",
            "integrity": "sha1-o7mkJHxLd0VuSVSWVdTB0YWeB10=",
            "requires": {
                "tslib": "1.9.0"
            }
        },
        "@angular/material": {
            "version": "5.1.0",
            "resolved": "https://registry.npmjs.org/@angular/material/-/material-5.1.0.tgz",
            "integrity": "sha512-F+dM2xGbyWK3f+j5ZiWMOCBK1Jnv4RAlFRwezJVnzcWaAjwhO2YBHUQGZcnwsVJpwf5Vrihix8N+sWiPvVw+jw==",
            "requires": {
                "tslib": "1.9.0"
            }
        },
        "@angular/platform-browser": {
            "version": "5.0.3",
            "resolved": "https://registry.npmjs.org/@angular/platform-browser/-/platform-browser-5.0.3.tgz",
            "integrity": "sha1-SshyQEoqgWLdKKWxZCOLdr9eEmE=",
            "requires": {
                "tslib": "1.9.0"
            }
        },
        "@angular/platform-browser-dynamic": {
            "version": "5.0.3",
            "resolved": "https://registry.npmjs.org/@angular/platform-browser-dynamic/-/platform-browser-dynamic-5.0.3.tgz",
            "integrity": "sha1-vm3PA6BPpRxqBIS0Dl8afX5UzIc=",
            "requires": {
                "tslib": "1.9.0"
            }
        },
        "@angular/router": {
            "version": "5.0.3",
            "resolved": "https://registry.npmjs.org/@angular/router/-/router-5.0.3.tgz",
            "integrity": "sha1-YWzGp64zV1tU5hO3CvXH8pHIzR4=",
            "requires": {
                "tslib": "1.9.0"
            }
        },
        "async": {
            "version": "0.2.10",
            "resolved": "https://registry.npmjs.org/async/-/async-0.2.10.tgz",
            "integrity": "sha1-trvgsGdLnXGXCMo43owjfLUmw9E="
        },
        "binary-search-tree": {
            "version": "0.2.5",
            "resolved": "https://registry.npmjs.org/binary-search-tree/-/binary-search-tree-0.2.5.tgz",
            "integrity": "sha1-fbs7IQ/coIJFDa0jNMMErzm9x4Q=",
            "requires": {
                "underscore": "1.4.4"
            }
        },
        "commander": {
            "version": "2.13.0",
            "resolved": "https://registry.npmjs.org/commander/-/commander-2.13.0.tgz",
            "integrity": "sha512-MVuS359B+YzaWqjCL/c+22gfryv+mCBPHAv3zyVI2GN8EY6IRP8VwtasXn8jyyhvvq84R4ImN1OKRtcbIasjYA=="
        },
        "core-js": {
            "version": "2.4.1",
            "resolved": "https://registry.npmjs.org/core-js/-/core-js-2.4.1.tgz",
            "integrity": "sha1-TekR5mew6ukSTjQlS1OupvxhjT4="
        },
        "core-util-is": {
            "version": "1.0.2",
            "resolved": "https://registry.npmjs.org/core-util-is/-/core-util-is-1.0.2.tgz",
            "integrity": "sha1-tf1UIgqivFq1eqtxQMlAdUUDwac="
        },
        "enhanced-resolve": {
            "version": "3.3.0",
            "resolved": "https://registry.npmjs.org/enhanced-resolve/-/enhanced-resolve-3.3.0.tgz",
            "integrity": "sha512-2qbxE7ek3YxPJ1ML6V+satHkzHpJQKWkRHmRx6mfAoW59yP8YH8BFplbegSP+u2hBd6B6KCOpvJQ3dZAP+hkpg==",
            "requires": {
                "graceful-fs": "4.1.11",
                "memory-fs": "0.4.1",
                "object-assign": "4.1.1",
                "tapable": "0.2.8"
            }
        },
        "errno": {
            "version": "0.1.6",
            "resolved": "https://registry.npmjs.org/errno/-/errno-0.1.6.tgz",
            "integrity": "sha512-IsORQDpaaSwcDP4ZZnHxgE85werpo34VYn1Ud3mq+eUsF593faR8oCZNXrROVkpFu2TsbrNhHin0aUrTsQ9vNw==",
            "requires": {
                "prr": "1.0.1"
            }
        },
        "generate-schema": {
            "version": "2.6.0",
            "resolved": "https://registry.npmjs.org/generate-schema/-/generate-schema-2.6.0.tgz",
            "integrity": "sha512-EUBKfJNzT8f91xUk5X5gKtnbdejZeE065UAJ3BCzE8VEbvwKI9Pm5jaWmqVeK1MYc1g5weAVFDTSJzN7ymtTqA==",
            "requires": {
                "commander": "2.13.0",
                "type-of-is": "3.5.1"
            }
        },
        "graceful-fs": {
            "version": "4.1.11",
            "resolved": "https://registry.npmjs.org/graceful-fs/-/graceful-fs-4.1.11.tgz",
            "integrity": "sha1-Dovf5NHduIVNZOBOp8AOKgJuVlg="
        },
        "hammerjs": {
            "version": "2.0.8",
            "resolved": "https://registry.npmjs.org/hammerjs/-/hammerjs-2.0.8.tgz",
            "integrity": "sha1-BO93hiz/K7edMPdpIJWTAiK/YPE="
        },
        "immediate": {
            "version": "3.0.6",
            "resolved": "https://registry.npmjs.org/immediate/-/immediate-3.0.6.tgz",
            "integrity": "sha1-nbHb0Pr43m++D13V5Wu2BigN5ps="
        },
        "inherits": {
            "version": "2.0.3",
            "resolved": "https://registry.npmjs.org/inherits/-/inherits-2.0.3.tgz",
            "integrity": "sha1-Yzwsg+PaQqUC9SRmAiSA9CCCYd4="
        },
        "isarray": {
            "version": "1.0.0",
            "resolved": "https://registry.npmjs.org/isarray/-/isarray-1.0.0.tgz",
            "integrity": "sha1-u5NdSFgsuhaMBoNJV6VKPgcSTxE="
        },
        "lie": {
            "version": "3.1.1",
            "resolved": "https://registry.npmjs.org/lie/-/lie-3.1.1.tgz",
            "integrity": "sha1-mkNrLMd0bKWd56QfpGmz77dr2H4=",
            "requires": {
                "immediate": "3.0.6"
            }
        },
        "localforage": {
            "version": "1.5.6",
            "resolved": "https://registry.npmjs.org/localforage/-/localforage-1.5.6.tgz",
            "integrity": "sha1-0DTRXlNy7pfGQXPpqa65aBX13QY=",
            "requires": {
                "lie": "3.1.1"
            }
        },
        "material-design-icons": {
            "version": "3.0.1",
            "resolved": "https://registry.npmjs.org/material-design-icons/-/material-design-icons-3.0.1.tgz",
            "integrity": "sha1-mnHEh0chjrylHlGmbaaCA4zct78="
        },
        "memory-fs": {
            "version": "0.4.1",
            "resolved": "https://registry.npmjs.org/memory-fs/-/memory-fs-0.4.1.tgz",
            "integrity": "sha1-OpoguEYlI+RHz7x+i7gO1me/xVI=",
            "requires": {
                "errno": "0.1.6",
                "readable-stream": "2.3.3"
            }
        },
        "mkdirp": {
            "version": "0.5.1",
            "resolved": "https://registry.npmjs.org/mkdirp/-/mkdirp-0.5.1.tgz",
            "integrity": "sha1-MAV0OOrGz3+MR2fzhkjWaX11yQM=",
            "requires": {
                "minimist": "0.0.8"
            },
            "dependencies": {
                "minimist": {
                    "version": "0.0.8",
                    "resolved": "https://registry.npmjs.org/minimist/-/minimist-0.0.8.tgz",
                    "integrity": "sha1-hX/Kv8M5fSYluCKCYuhqp6ARsF0="
                }
            }
        },
        "nedb": {
            "version": "1.8.0",
            "resolved": "https://registry.npmjs.org/nedb/-/nedb-1.8.0.tgz",
            "integrity": "sha1-DjUCzYLABNU1WkPJ5VV3vXvZHYg=",
            "requires": {
                "async": "0.2.10",
                "binary-search-tree": "0.2.5",
                "localforage": "1.5.6",
                "mkdirp": "0.5.1",
                "underscore": "1.4.4"
            }
        },
        "object-assign": {
            "version": "4.1.1",
            "resolved": "https://registry.npmjs.org/object-assign/-/object-assign-4.1.1.tgz",
            "integrity": "sha1-IQmtx5ZYh8/AXLvUQsrIv7s2CGM="
        },
        "process-nextick-args": {
            "version": "1.0.7",
            "resolved": "https://registry.npmjs.org/process-nextick-args/-/process-nextick-args-1.0.7.tgz",
            "integrity": "sha1-FQ4gt1ZZCtP5EJPyWk8q2L/zC6M="
        },
        "prr": {
            "version": "1.0.1",
            "resolved": "https://registry.npmjs.org/prr/-/prr-1.0.1.tgz",
            "integrity": "sha1-0/wRS6BplaRexok/SEzrHXj19HY="
        },
        "readable-stream": {
            "version": "2.3.3",
            "resolved": "https://registry.npmjs.org/readable-stream/-/readable-stream-2.3.3.tgz",
            "integrity": "sha512-m+qzzcn7KUxEmd1gMbchF+Y2eIUbieUaxkWtptyHywrX0rE8QEYqPC07Vuy4Wm32/xE16NcdBctb8S0Xe/5IeQ==",
            "requires": {
                "core-util-is": "1.0.2",
                "inherits": "2.0.3",
                "isarray": "1.0.0",
                "process-nextick-args": "1.0.7",
                "safe-buffer": "5.1.1",
                "string_decoder": "1.0.3",
                "util-deprecate": "1.0.2"
            }
        },
        "rxjs": {
            "version": "5.5.2",
            "resolved": "https://registry.npmjs.org/rxjs/-/rxjs-5.5.2.tgz",
            "integrity": "sha512-oRYoIKWBU3Ic37fLA5VJu31VqQO4bWubRntcHSJ+cwaDQBwdnZ9x4zmhJfm/nFQ2E82/I4loSioHnACamrKGgA==",
            "requires": {
                "symbol-observable": "1.2.0"
            }
        },
        "safe-buffer": {
            "version": "5.1.1",
            "resolved": "https://registry.npmjs.org/safe-buffer/-/safe-buffer-5.1.1.tgz",
            "integrity": "sha512-kKvNJn6Mm93gAczWVJg7wH+wGYWNrDHdWvpUmHyEsgCtIwwo3bqPtV4tR5tuPaUhTOo/kvhVwd8XwwOllGYkbg=="
        },
        "string_decoder": {
            "version": "1.0.3",
            "resolved": "https://registry.npmjs.org/string_decoder/-/string_decoder-1.0.3.tgz",
            "integrity": "sha512-4AH6Z5fzNNBcH+6XDMfA/BTt87skxqJlO0lAh3Dker5zThcAxG6mKz+iGu308UKoPPQ8Dcqx/4JhujzltRa+hQ==",
            "requires": {
                "safe-buffer": "5.1.1"
            }
        },
        "symbol-observable": {
            "version": "1.2.0",
            "resolved": "https://registry.npmjs.org/symbol-observable/-/symbol-observable-1.2.0.tgz",
            "integrity": "sha512-e900nM8RRtGhlV36KGEU9k65K3mPb1WV70OdjfxlG2EAuM1noi/E/BaW/uMhL7bPEssK8QV57vN3esixjUvcXQ=="
        },
        "tapable": {
            "version": "0.2.8",
            "resolved": "https://registry.npmjs.org/tapable/-/tapable-0.2.8.tgz",
            "integrity": "sha1-mTcqXJmb8t8WCvwNdL7U9HlIzSI="
        },
        "tslib": {
            "version": "1.9.0",
            "resolved": "https://registry.npmjs.org/tslib/-/tslib-1.9.0.tgz",
            "integrity": "sha512-f/qGG2tUkrISBlQZEjEqoZ3B2+npJjIf04H1wuAv9iA8i04Icp+61KRXxFdha22670NJopsZCIjhC3SnjPRKrQ=="
        },
        "type-of-is": {
            "version": "3.5.1",
            "resolved": "https://registry.npmjs.org/type-of-is/-/type-of-is-3.5.1.tgz",
            "integrity": "sha1-7sL8ibgo2/mQDrZBbu4w9P4PzTE="
        },
        "underscore": {
            "version": "1.4.4",
            "resolved": "https://registry.npmjs.org/underscore/-/underscore-1.4.4.tgz",
            "integrity": "sha1-YaajIBBiKvoHljvzJSA88SI51gQ="
        },
        "util-deprecate": {
            "version": "1.0.2",
            "resolved": "https://registry.npmjs.org/util-deprecate/-/util-deprecate-1.0.2.tgz",
            "integrity": "sha1-RQ1Nyfpw3nMnYvvS1KKJgUGaDM8="
        },
        "zone.js": {
            "version": "0.8.17",
            "resolved": "https://registry.npmjs.org/zone.js/-/zone.js-0.8.17.tgz",
            "integrity": "sha1-TF5RhahX2o2nk9rzkZNxxaNrKgs="
        }
    }
}
